
Microsoft Visual Studio Solution File, Format Version 12.00
# Visual Studio Version 16
VisualStudioVersion = 16.0.30011.22
MinimumVisualStudioVersion = 10.0.40219.1
Project("{FAE04EC0-301F-11D3-BF4B-00C04F79EFBC}") = "Sanguease", "Sanguease\Sanguease.csproj", "{A877DA36-A02C-4F63-BB49-8EE662FC8F74}"
EndProject
Project("{FAE04EC0-301F-11D3-BF4B-00C04F79EFBC}") = "APIClientLibrary", "APIClientLibrary\APIClientLibrary.csproj", "{DB011EB6-0CC7-4251-ADEC-039E61FF4372}"
EndProject
Project("{9A19103F-16F7-4668-BE54-9A1E7A4F7556}") = "EventAggregatorLibrary", "EventAggregatorLibrary\EventAggregatorLibrary.csproj", "{9E9EF372-3E29-48E1-86E7-DE455983C6CA}"
EndProject
Project("{9A19103F-16F7-4668-BE54-9A1E7A4F7556}") = "IoCContainerLibrary", "IoCContainerLibrary\IoCContainerLibrary.csproj", "{99D13ECB-CB2C-4038-96BC-610868B3FBC5}"
EndProject
Project("{FAE04EC0-301F-11D3-BF4B-00C04F79EFBC}") = "SangueaseAPI", "SangueaseAPI\SangueaseAPI.csproj", "{0EC11D36-33B3-4A9F-8EB6-AE93EE116F66}"
EndProject
Project("{FAE04EC0-301F-11D3-BF4B-00C04F79EFBC}") = "SangueaseDataAccess", "SangueaseDataAccess\SangueaseDataAccess.csproj", "{390116EC-312B-49AF-8A56-90772D2B559A}"
EndProject
Project("{FAE04EC0-301F-11D3-BF4B-00C04F79EFBC}") = "MockAPIClientLibrary", "MockAPIClientLibrary\MockAPIClientLibrary.csproj", "{9356497C-F9AB-487B-AC83-738C0EABEDE3}"
EndProject
Global
	GlobalSection(SolutionConfigurationPlatforms) = preSolution
		Debug|Any CPU = Debug|Any CPU
		Release|Any CPU = Release|Any CPU
	EndGlobalSection
	GlobalSection(ProjectConfigurationPlatforms) = postSolution
		{A877DA36-A02C-4F63-BB49-8EE662FC8F74}.Debug|Any CPU.ActiveCfg = Debug|Any CPU
		{A877DA36-A02C-4F63-BB49-8EE662FC8F74}.Debug|Any CPU.Build.0 = Debug|Any CPU
		{A877DA36-A02C-4F63-BB49-8EE662FC8F74}.Release|Any CPU.ActiveCfg = Release|Any CPU
		{A877DA36-A02C-4F63-BB49-8EE662FC8F74}.Release|Any CPU.Build.0 = Release|Any CPU
		{DB011EB6-0CC7-4251-ADEC-039E61FF4372}.Debug|Any CPU.ActiveCfg = Debug|Any CPU
		{DB011EB6-0CC7-4251-ADEC-039E61FF4372}.Debug|Any CPU.Build.0 = Debug|Any CPU
		{DB011EB6-0CC7-4251-ADEC-039E61FF4372}.Release|Any CPU.ActiveCfg = Release|Any CPU
		{DB011EB6-0CC7-4251-ADEC-039E61FF4372}.Release|Any CPU.Build.0 = Release|Any CPU
		{9E9EF372-3E29-48E1-86E7-DE455983C6CA}.Debug|Any CPU.ActiveCfg = Debug|Any CPU
		{9E9EF372-3E29-48E1-86E7-DE455983C6CA}.Debug|Any CPU.Build.0 = Debug|Any CPU
		{9E9EF372-3E29-48E1-86E7-DE455983C6CA}.Release|Any CPU.ActiveCfg = Release|Any CPU
		{9E9EF372-3E29-48E1-86E7-DE455983C6CA}.Release|Any CPU.Build.0 = Release|Any CPU
		{99D13ECB-CB2C-4038-96BC-610868B3FBC5}.Debug|Any CPU.ActiveCfg = Debug|Any CPU
		{99D13ECB-CB2C-4038-96BC-610868B3FBC5}.Debug|Any CPU.Build.0 = Debug|Any CPU
		{99D13ECB-CB2C-4038-96BC-610868B3FBC5}.Release|Any CPU.ActiveCfg = Release|Any CPU
		{99D13ECB-CB2C-4038-96BC-610868B3FBC5}.Release|Any CPU.Build.0 = Release|Any CPU
		{0EC11D36-33B3-4A9F-8EB6-AE93EE116F66}.Debug|Any CPU.ActiveCfg = Debug|Any CPU
		{0EC11D36-33B3-4A9F-8EB6-AE93EE116F66}.Debug|Any CPU.Build.0 = Debug|Any CPU
		{0EC11D36-33B3-4A9F-8EB6-AE93EE116F66}.Release|Any CPU.ActiveCfg = Release|Any CPU
		{0EC11D36-33B3-4A9F-8EB6-AE93EE116F66}.Release|Any CPU.Build.0 = Release|Any CPU
		{390116EC-312B-49AF-8A56-90772D2B559A}.Debug|Any CPU.ActiveCfg = Debug|Any CPU
		{390116EC-312B-49AF-8A56-90772D2B559A}.Debug|Any CPU.Build.0 = Debug|Any CPU
		{390116EC-312B-49AF-8A56-90772D2B559A}.Release|Any CPU.ActiveCfg = Release|Any CPU
		{390116EC-312B-49AF-8A56-90772D2B559A}.Release|Any CPU.Build.0 = Release|Any CPU
		{9356497C-F9AB-487B-AC83-738C0EABEDE3}.Debug|Any CPU.ActiveCfg = Debug|Any CPU
		{9356497C-F9AB-487B-AC83-738C0EABEDE3}.Debug|Any CPU.Build.0 = Debug|Any CPU
		{9356497C-F9AB-487B-AC83-738C0EABEDE3}.Release|Any CPU.ActiveCfg = Release|Any CPU
		{9356497C-F9AB-487B-AC83-738C0EABEDE3}.Release|Any CPU.Build.0 = Release|Any CPU
	EndGlobalSection
	GlobalSection(SolutionProperties) = preSolution
		HideSolutionNode = FALSE
	EndGlobalSection
	GlobalSection(ExtensibilityGlobals) = postSolution
		SolutionGuid = {9C041283-7D75-47B2-A1BB-A43708471E5A}
	EndGlobalSection
EndGlobal
